<?xml version="1.0" encoding="utf-8"?>
<Project ToolsVersion="4.0" xmlns="http://schemas.microsoft.com/developer/msbuild/2003">
  <ItemGroup>
    <Filter Include="Source">
      <UniqueIdentifier>{4FC737F1-C7A5-4376-A066-2A32D752A2FF}</UniqueIdentifier>
      <Extensions>cpp;c;cc;cxx;c++;cppm;ixx;def;odl;idl;hpj;bat;asm;asmx;h;hh;hpp;hxx;h++;hm;inl;inc;ipp;xsd</Extensions>
    </Filter>
    <Filter Include="Include">
      <UniqueIdentifier>{93995380-89BD-4b04-88EB-625FBE52EBFB}</UniqueIdentifier>
      <Extensions>
      </Extensions>
    </Filter>
    <Filter Include="Resources">
      <UniqueIdentifier>{67DA6AB6-F800-4c08-8B7A-83BB121AAD01}</UniqueIdentifier>
      <Extensions>rc;ico;cur;bmp;dlg;rc2;rct;bin;rgs;gif;jpg;jpeg;jpe;resx;tiff;tif;png;wav;mfcribbon-ms</Extensions>
    </Filter>
    <Filter Include="Documents">
      <UniqueIdentifier>{f76cfdda-cc40-47a1-8af1-ae29d9c83292}</UniqueIdentifier>
    </Filter>
    <Filter Include="Source\Tasks">
      <UniqueIdentifier>{e1fd44af-cb1e-4a15-9c4c-d6436e8baf6e}</UniqueIdentifier>
    </Filter>
    <Filter Include="Include\Tasks">
      <UniqueIdentifier>{f82fa367-ae36-46a2-b219-6b8e6baffdd7}</UniqueIdentifier>
    </Filter>
    <Filter Include="Tests">
      <UniqueIdentifier>{579a0b61-3764-400c-a0ec-be3367067ea9}</UniqueIdentifier>
    </Filter>
    <Filter Include="Tests\Tasks">
      <UniqueIdentifier>{c803c6d4-7c14-4469-9549-379c70b450a7}</UniqueIdentifier>
    </Filter>
  </ItemGroup>
  <ItemGroup>
    <ClCompile Include="Source\Config.cpp">
      <Filter>Source</Filter>
    </ClCompile>
    <ClCompile Include="Source\Tasks\CancellationTrigger.cpp">
      <Filter>Source\Tasks</Filter>
    </ClCompile>
    <ClCompile Include="Source\Tasks\CancellationWatcher.cpp">
      <Filter>Source\Tasks</Filter>
    </ClCompile>
    <ClCompile Include="Source\Tasks\ResourceManifest.cpp">
      <Filter>Source\Tasks</Filter>
    </ClCompile>
    <ClCompile Include="Source\Tasks\ResourceType.cpp">
      <Filter>Source\Tasks</Filter>
    </ClCompile>
    <ClCompile Include="Source\Tasks\Task.cpp">
      <Filter>Source\Tasks</Filter>
    </ClCompile>
    <ClCompile Include="Source\Tasks\TaskEnvironment.cpp">
      <Filter>Source\Tasks</Filter>
    </ClCompile>
    <ClCompile Include="Source\Tasks\ThreadedTask.cpp">
      <Filter>Source\Tasks</Filter>
    </ClCompile>
    <ClCompile Include="Tests\Tasks\CancellationTriggerTest.cpp">
      <Filter>Tests\Tasks</Filter>
    </ClCompile>
    <ClCompile Include="Tests\Tasks\CancellationWatcherTest.cpp">
      <Filter>Tests\Tasks</Filter>
    </ClCompile>
    <ClCompile Include="Tests\Tasks\NaiveTaskCoordinatorTest.cpp">
      <Filter>Tests\Tasks</Filter>
    </ClCompile>
    <ClCompile Include="Tests\Tasks\ResourceBudgetTest.cpp">
      <Filter>Tests\Tasks</Filter>
    </ClCompile>
    <ClCompile Include="Tests\Tasks\ResourceManifestTest.cpp">
      <Filter>Tests\Tasks</Filter>
    </ClCompile>
    <ClCompile Include="Tests\Tasks\ThreadedTaskTest.cpp">
      <Filter>Tests\Tasks</Filter>
    </ClCompile>
    <ClCompile Include="Source\Tasks\NaiveTaskCoordinator.cpp">
      <Filter>Source\Tasks</Filter>
    </ClCompile>
    <ClCompile Include="Source\Tasks\ResourceBudget.Allocate.cpp">
      <Filter>Source\Tasks</Filter>
    </ClCompile>
    <ClCompile Include="Source\Tasks\ResourceBudget.cpp">
      <Filter>Source\Tasks</Filter>
    </ClCompile>
    <ClCompile Include="Source\Tasks\ResourceBudget.Release.cpp">
      <Filter>Source\Tasks</Filter>
    </ClCompile>
    <ClCompile Include="Source\Tasks\TaskCoordinator.cpp">
      <Filter>Source\Tasks</Filter>
    </ClCompile>
  </ItemGroup>
  <ItemGroup>
    <ClInclude Include="Include\Nuclex\Platform\Config.h">
      <Filter>Include</Filter>
    </ClInclude>
    <ClInclude Include="Include\Nuclex\Platform\Tasks\CancellationTrigger.h">
      <Filter>Include\Tasks</Filter>
    </ClInclude>
    <ClInclude Include="Include\Nuclex\Platform\Tasks\CancellationWatcher.h">
      <Filter>Include\Tasks</Filter>
    </ClInclude>
    <ClInclude Include="Include\Nuclex\Platform\Tasks\ResourceManifest.h">
      <Filter>Include\Tasks</Filter>
    </ClInclude>
    <ClInclude Include="Include\Nuclex\Platform\Tasks\ResourceType.h">
      <Filter>Include\Tasks</Filter>
    </ClInclude>
    <ClInclude Include="Include\Nuclex\Platform\Tasks\Task.h">
      <Filter>Include\Tasks</Filter>
    </ClInclude>
    <ClInclude Include="Include\Nuclex\Platform\Tasks\TaskEnvironment.h">
      <Filter>Include\Tasks</Filter>
    </ClInclude>
    <ClInclude Include="Include\Nuclex\Platform\Tasks\ThreadedTask.h">
      <Filter>Include\Tasks</Filter>
    </ClInclude>
    <ClInclude Include="Source\Tasks\ResourceBudget.h">
      <Filter>Source\Tasks</Filter>
    </ClInclude>
    <ClInclude Include="Include\Nuclex\Platform\Tasks\NaiveTaskCoordinator.h">
      <Filter>Tests\Tasks</Filter>
    </ClInclude>
    <ClInclude Include="Include\Nuclex\Platform\Tasks\TaskCoordinator.h">
      <Filter>Tests\Tasks</Filter>
    </ClInclude>
  </ItemGroup>
  <ItemGroup>
    <CustomBuild Include="Nuclex.Support.Native.ref" />
  </ItemGroup>
  <ItemGroup>
    <None Include="ReadMe.md" />
    <None Include="Nuclex.Platform.Native.def" />
  </ItemGroup>
  <ItemGroup>
    <Text Include="Documents\Copyright.md" />
  </ItemGroup>
</Project>