<?xml version="1.0" encoding="utf-8"?>
<Project ToolsVersion="4.0" xmlns="http://schemas.microsoft.com/developer/msbuild/2003">
  <ItemGroup>
    <Filter Include="Source">
      <UniqueIdentifier>{4FC737F1-C7A5-4376-A066-2A32D752A2FF}</UniqueIdentifier>
      <Extensions>cpp;c;cc;cxx;c++;cppm;ixx;def;odl;idl;hpj;bat;asm;asmx;h;hh;hpp;hxx;h++;hm;inl;inc;ipp;xsd</Extensions>
    </Filter>
    <Filter Include="Resources">
      <UniqueIdentifier>{67DA6AB6-F800-4c08-8B7A-83BB121AAD01}</UniqueIdentifier>
      <Extensions>rc;ico;cur;bmp;dlg;rc2;rct;bin;rgs;gif;jpg;jpeg;jpe;resx;tiff;tif;png;wav;mfcribbon-ms</Extensions>
    </Filter>
    <Filter Include="Include">
      <UniqueIdentifier>{93995380-89BD-4b04-88EB-625FBE52EBFB}</UniqueIdentifier>
      <Extensions>
      </Extensions>
    </Filter>
    <Filter Include="Source\Tasks">
      <UniqueIdentifier>{aa0fd183-37f7-4f68-b4b5-cb30cfa82301}</UniqueIdentifier>
    </Filter>
    <Filter Include="Include\Tasks">
      <UniqueIdentifier>{112dec7a-48f7-4e4a-a6e1-2599706d3cfe}</UniqueIdentifier>
    </Filter>
    <Filter Include="Documents">
      <UniqueIdentifier>{281d21e9-54ae-41ff-b4d5-d1af944e82a6}</UniqueIdentifier>
    </Filter>
  </ItemGroup>
  <ItemGroup>
    <ClInclude Include="Include\Nuclex\Platform\Tasks\CancellationTrigger.h">
      <Filter>Include\Tasks</Filter>
    </ClInclude>
    <ClInclude Include="Include\Nuclex\Platform\Tasks\CancellationWatcher.h">
      <Filter>Include\Tasks</Filter>
    </ClInclude>
    <ClInclude Include="Include\Nuclex\Platform\Tasks\ResourceManifest.h">
      <Filter>Include\Tasks</Filter>
    </ClInclude>
    <ClInclude Include="Include\Nuclex\Platform\Tasks\ResourceType.h">
      <Filter>Include\Tasks</Filter>
    </ClInclude>
    <ClInclude Include="Include\Nuclex\Platform\Tasks\Task.h">
      <Filter>Include\Tasks</Filter>
    </ClInclude>
    <ClInclude Include="Include\Nuclex\Platform\Tasks\TaskEnvironment.h">
      <Filter>Include\Tasks</Filter>
    </ClInclude>
    <ClInclude Include="Include\Nuclex\Platform\Tasks\ThreadedTask.h">
      <Filter>Include\Tasks</Filter>
    </ClInclude>
    <ClInclude Include="Include\Nuclex\Platform\Config.h">
      <Filter>Include</Filter>
    </ClInclude>
    <ClInclude Include="Include\Nuclex\Platform\Tasks\NaiveTaskCoordinator.h">
      <Filter>Include\Tasks</Filter>
    </ClInclude>
    <ClInclude Include="Include\Nuclex\Platform\Tasks\TaskCoordinator.h">
      <Filter>Include\Tasks</Filter>
    </ClInclude>
  </ItemGroup>
  <ItemGroup>
    <ClCompile Include="Source\Tasks\CancellationTrigger.cpp">
      <Filter>Source\Tasks</Filter>
    </ClCompile>
    <ClCompile Include="Source\Tasks\CancellationWatcher.cpp">
      <Filter>Source\Tasks</Filter>
    </ClCompile>
    <ClCompile Include="Source\Tasks\NaiveTaskCoordinator.cpp">
      <Filter>Source\Tasks</Filter>
    </ClCompile>
    <ClCompile Include="Source\Tasks\ResourceBudget.Allocate.cpp">
      <Filter>Source\Tasks</Filter>
    </ClCompile>
    <ClCompile Include="Source\Tasks\ResourceBudget.cpp">
      <Filter>Source\Tasks</Filter>
    </ClCompile>
    <ClInclude Include="Source\Tasks\ResourceBudget.h">
      <Filter>Source\Tasks</Filter>
    </ClInclude>
    <ClCompile Include="Source\Tasks\ResourceBudget.Release.cpp">
      <Filter>Source\Tasks</Filter>
    </ClCompile>
    <ClCompile Include="Source\Tasks\ResourceManifest.cpp">
      <Filter>Source\Tasks</Filter>
    </ClCompile>
    <ClCompile Include="Source\Tasks\ResourceType.cpp">
      <Filter>Source\Tasks</Filter>
    </ClCompile>
    <ClCompile Include="Source\Tasks\Task.cpp">
      <Filter>Source\Tasks</Filter>
    </ClCompile>
    <ClCompile Include="Source\Tasks\TaskCoordinator.cpp">
      <Filter>Source\Tasks</Filter>
    </ClCompile>
    <ClCompile Include="Source\Tasks\TaskEnvironment.cpp">
      <Filter>Source\Tasks</Filter>
    </ClCompile>
    <ClCompile Include="Source\Tasks\ThreadedTask.cpp">
      <Filter>Source\Tasks</Filter>
    </ClCompile>
    <ClCompile Include="Source\Config.cpp">
      <Filter>Source</Filter>
    </ClCompile>
  </ItemGroup>
  <ItemGroup>
    <None Include="ReadMe.md" />
    <None Include="Nuclex.Platform.Native.def">
      <Filter>Resources</Filter>
    </None>
  </ItemGroup>
  <ItemGroup>
    <CustomBuild Include="Nuclex.Support.Native.ref" />
  </ItemGroup>
  <ItemGroup>
    <Text Include="Documents\Copyright.md">
      <Filter>Documents</Filter>
    </Text>
  </ItemGroup>
</Project>